
Microsoft Visual Studio Solution File, Format Version 12.00
# Visual Studio Version 16
VisualStudioVersion = 16.0.31729.503
MinimumVisualStudioVersion = 10.0.40219.1
Project("{FAE04EC0-301F-11D3-BF4B-00C04F79EFBC}") = "Operatorok", "Operatorok\Operatorok.csproj", "{147401E8-800C-40FD-93C9-C54ECE134932}"
EndProject
Global
	GlobalSection(SolutionConfigurationPlatforms) = preSolution
		Debug|Any CPU = Debug|Any CPU
		Release|Any CPU = Release|Any CPU
	EndGlobalSection
	GlobalSection(ProjectConfigurationPlatforms) = postSolution
		{147401E8-800C-40FD-93C9-C54ECE134932}.Debug|Any CPU.ActiveCfg = Debug|Any CPU
		{147401E8-800C-40FD-93C9-C54ECE134932}.Debug|Any CPU.Build.0 = Debug|Any CPU
		{147401E8-800C-40FD-93C9-C54ECE134932}.Release|Any CPU.ActiveCfg = Release|Any CPU
		{147401E8-800C-40FD-93C9-C54ECE134932}.Release|Any CPU.Build.0 = Release|Any CPU
	EndGlobalSection
	GlobalSection(SolutionProperties) = preSolution
		HideSolutionNode = FALSE
	EndGlobalSection
	GlobalSection(ExtensibilityGlobals) = postSolution
		SolutionGuid = {5E117D82-B9E7-4489-A384-EF3654AA11DB}
	EndGlobalSection
EndGlobal
